
Microsoft Visual Studio Solution File, Format Version 12.00
# Visual Studio Version 16
VisualStudioVersion = 16.0.30804.86
MinimumVisualStudioVersion = 10.0.40219.1
Project("{FAE04EC0-301F-11D3-BF4B-00C04F79EFBC}") = "PaymentGatewaySimulation.API", "PaymentGatewaySimulation.API\PaymentGatewaySimulation.API.csproj", "{6F025FE6-F4BA-45DD-AA62-DFC226253381}"
EndProject
Project("{FAE04EC0-301F-11D3-BF4B-00C04F79EFBC}") = "PaymentGatewaySimulation.BL", "PaymentGatewaySimulation.BL\PaymentGatewaySimulation.BL.csproj", "{7321AD66-12E8-4ACA-8219-3EDA4E9A0593}"
EndProject
Project("{FAE04EC0-301F-11D3-BF4B-00C04F79EFBC}") = "PaymentGatewaySimulation.Core", "PaymentGatewaySimulation.Core\PaymentGatewaySimulation.Core.csproj", "{72C5706F-8044-4EDE-BCBC-5046A5D75910}"
EndProject
Project("{FAE04EC0-301F-11D3-BF4B-00C04F79EFBC}") = "PaymentGatewaySimulation.Shared", "PaymentGatewaySimulation.Shared\PaymentGatewaySimulation.Shared.csproj", "{5DFF84D8-44F8-462D-AF4A-BB757430D74A}"
EndProject
Project("{FAE04EC0-301F-11D3-BF4B-00C04F79EFBC}") = "PaymentGatewaySimulation.Repository", "PaymentGatewaySimulation.Repository\PaymentGatewaySimulation.Repository.csproj", "{AD5B600E-FBB2-4246-8B2F-FCBAFB53D372}"
EndProject
Global
	GlobalSection(SolutionConfigurationPlatforms) = preSolution
		Debug|Any CPU = Debug|Any CPU
		Release|Any CPU = Release|Any CPU
	EndGlobalSection
	GlobalSection(ProjectConfigurationPlatforms) = postSolution
		{6F025FE6-F4BA-45DD-AA62-DFC226253381}.Debug|Any CPU.ActiveCfg = Debug|Any CPU
		{6F025FE6-F4BA-45DD-AA62-DFC226253381}.Debug|Any CPU.Build.0 = Debug|Any CPU
		{6F025FE6-F4BA-45DD-AA62-DFC226253381}.Release|Any CPU.ActiveCfg = Release|Any CPU
		{6F025FE6-F4BA-45DD-AA62-DFC226253381}.Release|Any CPU.Build.0 = Release|Any CPU
		{7321AD66-12E8-4ACA-8219-3EDA4E9A0593}.Debug|Any CPU.ActiveCfg = Debug|Any CPU
		{7321AD66-12E8-4ACA-8219-3EDA4E9A0593}.Debug|Any CPU.Build.0 = Debug|Any CPU
		{7321AD66-12E8-4ACA-8219-3EDA4E9A0593}.Release|Any CPU.ActiveCfg = Release|Any CPU
		{7321AD66-12E8-4ACA-8219-3EDA4E9A0593}.Release|Any CPU.Build.0 = Release|Any CPU
		{72C5706F-8044-4EDE-BCBC-5046A5D75910}.Debug|Any CPU.ActiveCfg = Debug|Any CPU
		{72C5706F-8044-4EDE-BCBC-5046A5D75910}.Debug|Any CPU.Build.0 = Debug|Any CPU
		{72C5706F-8044-4EDE-BCBC-5046A5D75910}.Release|Any CPU.ActiveCfg = Release|Any CPU
		{72C5706F-8044-4EDE-BCBC-5046A5D75910}.Release|Any CPU.Build.0 = Release|Any CPU
		{5DFF84D8-44F8-462D-AF4A-BB757430D74A}.Debug|Any CPU.ActiveCfg = Debug|Any CPU
		{5DFF84D8-44F8-462D-AF4A-BB757430D74A}.Debug|Any CPU.Build.0 = Debug|Any CPU
		{5DFF84D8-44F8-462D-AF4A-BB757430D74A}.Release|Any CPU.ActiveCfg = Release|Any CPU
		{5DFF84D8-44F8-462D-AF4A-BB757430D74A}.Release|Any CPU.Build.0 = Release|Any CPU
		{AD5B600E-FBB2-4246-8B2F-FCBAFB53D372}.Debug|Any CPU.ActiveCfg = Debug|Any CPU
		{AD5B600E-FBB2-4246-8B2F-FCBAFB53D372}.Debug|Any CPU.Build.0 = Debug|Any CPU
		{AD5B600E-FBB2-4246-8B2F-FCBAFB53D372}.Release|Any CPU.ActiveCfg = Release|Any CPU
		{AD5B600E-FBB2-4246-8B2F-FCBAFB53D372}.Release|Any CPU.Build.0 = Release|Any CPU
	EndGlobalSection
	GlobalSection(SolutionProperties) = preSolution
		HideSolutionNode = FALSE
	EndGlobalSection
	GlobalSection(ExtensibilityGlobals) = postSolution
		SolutionGuid = {3D039193-FC6E-4931-B2B0-825861BF7931}
	EndGlobalSection
EndGlobal
